{
  "name": "simulateur-promoteur",
  "version": "1.0.0",
  "lockfileVersion": 3,
  "requires": true,
  "packages": {
    "": {
      "name": "simulateur-promoteur",
      "version": "1.0.0",
      "dependencies": {
        "@anthropic-ai/sdk": "^0.120.0",
        "@supabase/supabase-js": "^2.45.4",
        "@turf/area": "^7.1.0",
        "@turf/buffer": "^7.1.0",
        "@turf/helpers": "^7.1.0",
        "csv-parse": "^7.0.2",
        "pdf-parse": "^1.1.1"
      }
    },
    "node_modules/@anthropic-ai/sdk": {
      "version": "0.120.0",
      "resolved": "https://registry.npmjs.org/@anthropic-ai/sdk/-/sdk-0.120.0.tgz",
      "integrity": "sha512-ZlvmNFT/iIF6JD13rxbbMWD8nvGR0RaUp6yMQnoc+4Af0YjVVe/bIdW1XSQQsoxXAtg1NaT6Vak0LKFlJ4d37Q==",
      "license": "MIT",
      "dependencies": {
        "json-schema-to-ts": "^3.1.1",
        "standardwebhooks": "^1.0.0"
      },
      "bin": {
        "anthropic-ai-sdk": "bin/cli"
      },
      "peerDependencies": {
        "zod": "^3.25.0 || ^4.0.0"
      },
      "peerDependenciesMeta": {
        "zod": {
          "optional": true
        }
      }
    },
    "node_modules/@babel/runtime": {
      "version": "7.29.7",
      "resolved": "https://registry.npmjs.org/@babel/runtime/-/runtime-7.29.7.tgz",
      "integrity": "sha512-Nq8OhGWiZIZGV6hLHoyAKLLcJihP/xFeBMGJoUrxTX2psI8dCifzLhZISFb+VWS3wFMRDmCGw5R+dOySCqPLhw==",
      "license": "MIT",
      "engines": {
        "node": ">=6.9.0"
      }
    },
    "node_modules/@stablelib/base64": {
      "version": "1.0.1",
      "resolved": "https://registry.npmjs.org/@stablelib/base64/-/base64-1.0.1.tgz",
      "integrity": "sha512-1bnPQqSxSuc3Ii6MhBysoWCg58j97aUjuCSZrGSmDxNqtytIi0k8utUenAwTZN4V5mXXYGsVUI9zeBqy+jBOSQ==",
      "license": "MIT"
    },
    "node_modules/@supabase/auth-js": {
      "version": "2.112.3",
      "resolved": "https://registry.npmjs.org/@supabase/auth-js/-/auth-js-2.112.3.tgz",
      "integrity": "sha512-NA0rsgAlWZPvbhw8aUdmgfpHVgUAcd8zK5ov43l++o1bLIPXZhRiAlRobhwF5AatQuovpqxsMH50F4oyyV4XZw==",
      "license": "MIT",
      "dependencies": {
        "tslib": "2.8.1"
      },
      "engines": {
        "node": ">=22.0.0"
      }
    },
    "node_modules/@supabase/functions-js": {
      "version": "2.112.3",
      "resolved": "https://registry.npmjs.org/@supabase/functions-js/-/functions-js-2.112.3.tgz",
      "integrity": "sha512-gfv481mTOVWtZIJgXupxZpni2V2UWPf6jeF/jOK7HdMHdH+mt6sU0sHHwf0POsPip8ltlulu9OUHgwVzl5ddRw==",
      "license": "MIT",
      "dependencies": {
        "tslib": "2.8.1"
      },
      "engines": {
        "node": ">=22.0.0"
      }
    },
    "node_modules/@supabase/phoenix": {
      "version": "0.4.5",
      "resolved": "https://registry.npmjs.org/@supabase/phoenix/-/phoenix-0.4.5.tgz",
      "integrity": "sha512-aAn9H9ovVyeApKy11OWOrrOGq8DV68yWeH4ud2lN9fzn4aO8Zb5GLL9m1pUg9nLqIcT+ZDfAcsZe0E/nqdv2lw==",
      "license": "MIT"
    },
    "node_modules/@supabase/postgrest-js": {
      "version": "2.112.3",
      "resolved": "https://registry.npmjs.org/@supabase/postgrest-js/-/postgrest-js-2.112.3.tgz",
      "integrity": "sha512-+Mf6uCpzr00bqxwX8hTK2X2L9eAL/1vuOjdEjx6upz9ulb0RmQT16XeU/JkMUlVHw/B46ZnPa2busY4Kd9YCzw==",
      "license": "MIT",
      "dependencies": {
        "tslib": "2.8.1"
      },
      "engines": {
        "node": ">=22.0.0"
      }
    },
    "node_modules/@supabase/realtime-js": {
      "version": "2.112.3",
      "resolved": "https://registry.npmjs.org/@supabase/realtime-js/-/realtime-js-2.112.3.tgz",
      "integrity": "sha512-E6wljXWs7DUOloyIB69i3YFInWE6IyCvgTAbQ0KYxOHv26FdA1KzEXTuzxrYEdf70t406Z9BRwUlGyclGF2FXA==",
      "license": "MIT",
      "dependencies": {
        "@supabase/phoenix": "0.4.5",
        "tslib": "2.8.1"
      },
      "engines": {
        "node": ">=22.0.0"
      }
    },
    "node_modules/@supabase/storage-js": {
      "version": "2.112.3",
      "resolved": "https://registry.npmjs.org/@supabase/storage-js/-/storage-js-2.112.3.tgz",
      "integrity": "sha512-oSK61tzlUvg+BWPqpKQCu9qqonsO26btaoAR9D6Gest2aj7xUqToj9rKyaoYOJczkhg9BjqA1REbYy9tPI4bDA==",
      "license": "MIT",
      "dependencies": {
        "iceberg-js": "^0.8.1",
        "tslib": "2.8.1"
      },
      "engines": {
        "node": ">=22.0.0"
      }
    },
    "node_modules/@supabase/supabase-js": {
      "version": "2.112.3",
      "resolved": "https://registry.npmjs.org/@supabase/supabase-js/-/supabase-js-2.112.3.tgz",
      "integrity": "sha512-Jv1bxVQmEJNkjvPEhFaKjPzsh+Ozyew6lWGD+SoYcsclDEP1z7yEvKvfUQfzy0DkxRIQnZNxmmWtAzw5XLTQoA==",
      "license": "MIT",
      "dependencies": {
        "@supabase/auth-js": "2.112.3",
        "@supabase/functions-js": "2.112.3",
        "@supabase/postgrest-js": "2.112.3",
        "@supabase/realtime-js": "2.112.3",
        "@supabase/storage-js": "2.112.3"
      },
      "engines": {
        "node": ">=22.0.0"
      },
      "peerDependencies": {
        "@opentelemetry/api": ">=1.0.0"
      },
      "peerDependenciesMeta": {
        "@opentelemetry/api": {
          "optional": true
        }
      }
    },
    "node_modules/@turf/area": {
      "version": "7.4.0",
      "resolved": "https://registry.npmjs.org/@turf/area/-/area-7.4.0.tgz",
      "integrity": "sha512-B7q5f6QwKIxxbl4/L59lAYA+FF7h2hv6st96PuKue0TGCYGSxAG/lV8LHSPUSOuOrLywN4jytJcKK3vOFBs7Nw==",
      "license": "MIT",
      "dependencies": {
        "@turf/helpers": "7.4.0",
        "@turf/meta": "7.4.0",
        "@types/geojson": "^7946.0.10",
        "tslib": "^2.8.1"
      },
      "funding": {
        "url": "https://opencollective.com/turf"
      }
    },
    "node_modules/@turf/bbox": {
      "version": "7.4.0",
      "resolved": "https://registry.npmjs.org/@turf/bbox/-/bbox-7.4.0.tgz",
      "integrity": "sha512-yOX9lALc2GmjYUIE99+nRj7eZA7eDtx7Ixu/hrgIo+YqHvL1reaPVTC9rQWMHMm0pH0/WHjzk8uOpAHjptrudQ==",
      "license": "MIT",
      "dependencies": {
        "@turf/helpers": "7.4.0",
        "@turf/meta": "7.4.0",
        "@types/geojson": "^7946.0.10",
        "tslib": "^2.8.1"
      },
      "funding": {
        "url": "https://opencollective.com/turf"
      }
    },
    "node_modules/@turf/buffer": {
      "version": "7.4.0",
      "resolved": "https://registry.npmjs.org/@turf/buffer/-/buffer-7.4.0.tgz",
      "integrity": "sha512-ewYjC7NmmP+BZ8JcjX1TglzYH1FCMWAh5L08j0iAP4lbn3/AutVjjbwIXedZZy5He1OfgmXf+rIBcNXdeEYceg==",
      "license": "MIT",
      "dependencies": {
        "@turf/bbox": "7.4.0",
        "@turf/center": "7.4.0",
        "@turf/helpers": "7.4.0",
        "@turf/jsts": "^2.7.1",
        "@turf/meta": "7.4.0",
        "@turf/projection": "7.4.0",
        "@types/geojson": "^7946.0.10",
        "d3-geo": "^2.0.2",
        "tslib": "^2.8.1"
      },
      "funding": {
        "url": "https://opencollective.com/turf"
      }
    },
    "node_modules/@turf/center": {
      "version": "7.4.0",
      "resolved": "https://registry.npmjs.org/@turf/center/-/center-7.4.0.tgz",
      "integrity": "sha512-JVuTaIdnQtmTV8eQfVxqza1okKiaFzgVeIA6Xoy/u6aBMxg2+oBpS6GcHZkEqR8OapPWValB1AYYqimUSiyOXw==",
      "license": "MIT",
      "dependencies": {
        "@turf/bbox": "7.4.0",
        "@turf/helpers": "7.4.0",
        "@types/geojson": "^7946.0.10",
        "tslib": "^2.8.1"
      },
      "funding": {
        "url": "https://opencollective.com/turf"
      }
    },
    "node_modules/@turf/clone": {
      "version": "7.4.0",
      "resolved": "https://registry.npmjs.org/@turf/clone/-/clone-7.4.0.tgz",
      "integrity": "sha512-IfYnuil7XYJauy3crzIYEr26QkmBiTgFdGfYwUUe3S6dawX+lyb3vhuaYyssEPcCJq83g0G7hwxZy7141Mmzjg==",
      "license": "MIT",
      "dependencies": {
        "@turf/helpers": "7.4.0",
        "@types/geojson": "^7946.0.10",
        "tslib": "^2.8.1"
      },
      "funding": {
        "url": "https://opencollective.com/turf"
      }
    },
    "node_modules/@turf/helpers": {
      "version": "7.4.0",
      "resolved": "https://registry.npmjs.org/@turf/helpers/-/helpers-7.4.0.tgz",
      "integrity": "sha512-7PAwLZqOdRzTI5g9bHvUwlloAXPDH/mlajtryk0tw4ZwGMtmXsAyF4QundsAMfy4u48Fyd3AUqMXY0SMxqJGWg==",
      "license": "MIT",
      "dependencies": {
        "@types/geojson": "^7946.0.10",
        "tslib": "^2.8.1"
      },
      "funding": {
        "url": "https://opencollective.com/turf"
      }
    },
    "node_modules/@turf/jsts": {
      "version": "2.7.2",
      "resolved": "https://registry.npmjs.org/@turf/jsts/-/jsts-2.7.2.tgz",
      "integrity": "sha512-zAezGlwWHPyU0zxwcX2wQY3RkRpwuoBmhhNE9HY9kWhFDkCxZ3aWK5URKwa/SWKJbj9aztO+8vtdiBA28KVJFg==",
      "license": "(EDL-1.0 OR EPL-1.0)",
      "dependencies": {
        "jsts": "2.7.1"
      }
    },
    "node_modules/@turf/meta": {
      "version": "7.4.0",
      "resolved": "https://registry.npmjs.org/@turf/meta/-/meta-7.4.0.tgz",
      "integrity": "sha512-3cLUvlEyDuSnMSzrjhaLAEiYR8xhbfWyTVQlrlEw40xL81d4KF4PqUWbjTXKpXZStdYbet2GCurl79KMypNw6g==",
      "license": "MIT",
      "dependencies": {
        "@turf/helpers": "7.4.0",
        "@types/geojson": "^7946.0.10",
        "tslib": "^2.8.1"
      },
      "funding": {
        "url": "https://opencollective.com/turf"
      }
    },
    "node_modules/@turf/projection": {
      "version": "7.4.0",
      "resolved": "https://registry.npmjs.org/@turf/projection/-/projection-7.4.0.tgz",
      "integrity": "sha512-ZS932qM+18V1UBvNlrNXUCD7mh9CzQqZzw/ElVtb0kAk6N00FYQ9bo26Cca08UZKXh3rZqG/e4eCK74JNGS4Zg==",
      "license": "MIT",
      "dependencies": {
        "@turf/clone": "7.4.0",
        "@turf/helpers": "7.4.0",
        "@turf/meta": "7.4.0",
        "@types/geojson": "^7946.0.10",
        "tslib": "^2.8.1"
      },
      "funding": {
        "url": "https://opencollective.com/turf"
      }
    },
    "node_modules/@types/geojson": {
      "version": "7946.0.16",
      "resolved": "https://registry.npmjs.org/@types/geojson/-/geojson-7946.0.16.tgz",
      "integrity": "sha512-6C8nqWur3j98U6+lXDfTUWIfgvZU+EumvpHKcYjujKH7woYyLj2sUmff0tRhrqM7BohUw7Pz3ZB1jj2gW9Fvmg==",
      "license": "MIT"
    },
    "node_modules/csv-parse": {
      "version": "7.0.2",
      "resolved": "https://registry.npmjs.org/csv-parse/-/csv-parse-7.0.2.tgz",
      "integrity": "sha512-uKZghv9UmPkMVLYy//KZ9HFAIJsl7wkhoEdIL0+rhuSY9pZQlhaeGEDPIe+/w7eh81MOql8Q/9+inAGWG6ZHYA==",
      "license": "MIT"
    },
    "node_modules/d3-array": {
      "version": "2.12.1",
      "resolved": "https://registry.npmjs.org/d3-array/-/d3-array-2.12.1.tgz",
      "integrity": "sha512-B0ErZK/66mHtEsR1TkPEEkwdy+WDesimkM5gpZr5Dsg54BiTA5RXtYW5qTLIAcekaS9xfZrzBLF/OAkB3Qn1YQ==",
      "license": "BSD-3-Clause",
      "dependencies": {
        "internmap": "^1.0.0"
      }
    },
    "node_modules/d3-geo": {
      "version": "2.0.2",
      "resolved": "https://registry.npmjs.org/d3-geo/-/d3-geo-2.0.2.tgz",
      "integrity": "sha512-8pM1WGMLGFuhq9S+FpPURxic+gKzjluCD/CHTuUF3mXMeiCo0i6R0tO1s4+GArRFde96SLcW/kOFRjoAosPsFA==",
      "license": "BSD-3-Clause",
      "dependencies": {
        "d3-array": "^2.5.0"
      }
    },
    "node_modules/fast-sha256": {
      "version": "1.3.0",
      "resolved": "https://registry.npmjs.org/fast-sha256/-/fast-sha256-1.3.0.tgz",
      "integrity": "sha512-n11RGP/lrWEFI/bWdygLxhI+pVeo1ZYIVwvvPkW7azl/rOy+F3HYRZ2K5zeE9mmkhQppyv9sQFx0JM9UabnpPQ==",
      "license": "Unlicense"
    },
    "node_modules/iceberg-js": {
      "version": "0.8.1",
      "resolved": "https://registry.npmjs.org/iceberg-js/-/iceberg-js-0.8.1.tgz",
      "integrity": "sha512-1dhVQZXhcHje7798IVM+xoo/1ZdVfzOMIc8/rgVSijRK38EDqOJoGula9N/8ZI5RD8QTxNQtK/Gozpr+qUqRRA==",
      "license": "MIT",
      "engines": {
        "node": ">=20.0.0"
      }
    },
    "node_modules/internmap": {
      "version": "1.0.1",
      "resolved": "https://registry.npmjs.org/internmap/-/internmap-1.0.1.tgz",
      "integrity": "sha512-lDB5YccMydFBtasVtxnZ3MRBHuaoE8GKsppq+EchKL2U4nK/DmEpPHNH8MZe5HkMtpSiTSOZwfN0tzYjO/lJEw==",
      "license": "ISC"
    },
    "node_modules/json-schema-to-ts": {
      "version": "3.1.1",
      "resolved": "https://registry.npmjs.org/json-schema-to-ts/-/json-schema-to-ts-3.1.1.tgz",
      "integrity": "sha512-+DWg8jCJG2TEnpy7kOm/7/AxaYoaRbjVB4LFZLySZlWn8exGs3A4OLJR966cVvU26N7X9TWxl+Jsw7dzAqKT6g==",
      "license": "MIT",
      "dependencies": {
        "@babel/runtime": "^7.18.3",
        "ts-algebra": "^2.0.0"
      },
      "engines": {
        "node": ">=16"
      }
    },
    "node_modules/jsts": {
      "version": "2.7.1",
      "resolved": "https://registry.npmjs.org/jsts/-/jsts-2.7.1.tgz",
      "integrity": "sha512-x2wSZHEBK20CY+Wy+BPE7MrFQHW6sIsdaGUMEqmGAio+3gFzQaBYPwLRonUfQf9Ak8pBieqj9tUofX1+WtAEIg==",
      "license": "(EDL-1.0 OR EPL-1.0)",
      "engines": {
        "node": ">= 12"
      }
    },
    "node_modules/node-ensure": {
      "version": "0.0.0",
      "resolved": "https://registry.npmjs.org/node-ensure/-/node-ensure-0.0.0.tgz",
      "integrity": "sha512-DRI60hzo2oKN1ma0ckc6nQWlHU69RH6xN0sjQTjMpChPfTYvKZdcQFfdYK2RWbJcKyUizSIy/l8OTGxMAM1QDw==",
      "license": "MIT"
    },
    "node_modules/pdf-parse": {
      "version": "1.1.4",
      "resolved": "https://registry.npmjs.org/pdf-parse/-/pdf-parse-1.1.4.tgz",
      "integrity": "sha512-XRIRcLgk6ZnUbsHsYXExMw+krrPE81hJ6FQPLdBNhhBefqIQKXu/WeTgNBGSwPrfU0v+UCEwn7AoAUOsVKHFvQ==",
      "license": "MIT",
      "dependencies": {
        "node-ensure": "^0.0.0"
      },
      "engines": {
        "node": ">=6.8.1"
      },
      "funding": {
        "type": "github",
        "url": "https://github.com/sponsors/mehmet-kozan"
      }
    },
    "node_modules/standardwebhooks": {
      "version": "1.0.0",
      "resolved": "https://registry.npmjs.org/standardwebhooks/-/standardwebhooks-1.0.0.tgz",
      "integrity": "sha512-BbHGOQK9olHPMvQNHWul6MYlrRTAOKn03rOe4A8O3CLWhNf4YHBqq2HJKKC+sfqpxiBY52pNeesD6jIiLDz8jg==",
      "license": "MIT",
      "dependencies": {
        "@stablelib/base64": "^1.0.0",
        "fast-sha256": "^1.3.0"
      }
    },
    "node_modules/ts-algebra": {
      "version": "2.0.0",
      "resolved": "https://registry.npmjs.org/ts-algebra/-/ts-algebra-2.0.0.tgz",
      "integrity": "sha512-FPAhNPFMrkwz76P7cdjdmiShwMynZYN6SgOujD1urY4oNm80Ou9oMdmbR45LotcKOXoy7wSmHkRFE6Mxbrhefw==",
      "license": "MIT"
    },
    "node_modules/tslib": {
      "version": "2.8.1",
      "resolved": "https://registry.npmjs.org/tslib/-/tslib-2.8.1.tgz",
      "integrity": "sha512-oJFu94HQb+KVduSUQL7wnpmqnfmLsOA/nAh6b6EH0wCEoK0/mPeXU6c3wKDV83MkOuHPRHtSXKKU99IBazS/2w==",
      "license": "0BSD"
    }
  }
}
